
Microsoft Visual Studio Solution File, Format Version 12.00
# Visual Studio 15
VisualStudioVersion = 15.0.27428.2037
MinimumVisualStudioVersion = 10.0.40219.1
Project("{FAE04EC0-301F-11D3-BF4B-00C04F79EFBC}") = "collections1", "collections1\collections1.csproj", "{EABBDA29-FC1E-4FC0-8B37-A305B8B0D72E}"
EndProject
Project("{FAE04EC0-301F-11D3-BF4B-00C04F79EFBC}") = "schedule_collect", "schedule_collect\schedule_collect.csproj", "{11BB6A42-8F2B-445E-89A5-5334D81A7379}"
EndProject
Global
	GlobalSection(SolutionConfigurationPlatforms) = preSolution
		Debug|Any CPU = Debug|Any CPU
		Release|Any CPU = Release|Any CPU
	EndGlobalSection
	GlobalSection(ProjectConfigurationPlatforms) = postSolution
		{EABBDA29-FC1E-4FC0-8B37-A305B8B0D72E}.Debug|Any CPU.ActiveCfg = Debug|Any CPU
		{EABBDA29-FC1E-4FC0-8B37-A305B8B0D72E}.Debug|Any CPU.Build.0 = Debug|Any CPU
		{EABBDA29-FC1E-4FC0-8B37-A305B8B0D72E}.Release|Any CPU.ActiveCfg = Release|Any CPU
		{EABBDA29-FC1E-4FC0-8B37-A305B8B0D72E}.Release|Any CPU.Build.0 = Release|Any CPU
		{11BB6A42-8F2B-445E-89A5-5334D81A7379}.Debug|Any CPU.ActiveCfg = Debug|Any CPU
		{11BB6A42-8F2B-445E-89A5-5334D81A7379}.Debug|Any CPU.Build.0 = Debug|Any CPU
		{11BB6A42-8F2B-445E-89A5-5334D81A7379}.Release|Any CPU.ActiveCfg = Release|Any CPU
		{11BB6A42-8F2B-445E-89A5-5334D81A7379}.Release|Any CPU.Build.0 = Release|Any CPU
	EndGlobalSection
	GlobalSection(SolutionProperties) = preSolution
		HideSolutionNode = FALSE
	EndGlobalSection
	GlobalSection(ExtensibilityGlobals) = postSolution
		SolutionGuid = {6C73A5AD-0630-49C2-BC34-CC6FF5AD8CA6}
	EndGlobalSection
EndGlobal
